
Microsoft Visual Studio Solution File, Format Version 12.00
Project("{FAE04EC0-301F-11D3-BF4B-00C04F79EFBC}") = "WebApplication1", "WebApplication1\WebApplication1.csproj", "{4939F1E0-74B2-44B6-92B5-A5C8FDB86966}"
EndProject
Global
	GlobalSection(SolutionConfigurationPlatforms) = preSolution
		Debug|Any CPU = Debug|Any CPU
		Release|Any CPU = Release|Any CPU
	EndGlobalSection
	GlobalSection(ProjectConfigurationPlatforms) = postSolution
		{4939F1E0-74B2-44B6-92B5-A5C8FDB86966}.Debug|Any CPU.ActiveCfg = Debug|Any CPU
		{4939F1E0-74B2-44B6-92B5-A5C8FDB86966}.Debug|Any CPU.Build.0 = Debug|Any CPU
		{4939F1E0-74B2-44B6-92B5-A5C8FDB86966}.Release|Any CPU.ActiveCfg = Release|Any CPU
		{4939F1E0-74B2-44B6-92B5-A5C8FDB86966}.Release|Any CPU.Build.0 = Release|Any CPU
	EndGlobalSection
EndGlobal
